<?xml version="1.0" encoding="utf-8"?>
<Project ToolsVersion="4.0" xmlns="http://schemas.microsoft.com/developer/msbuild/2003">
  <ItemGroup>
    <Filter Include="リソース ファイル">
      <UniqueIdentifier>{67DA6AB6-F800-4c08-8B7A-83BB121AAD01}</UniqueIdentifier>
      <Extensions>rc;ico;cur;bmp;dlg;rc2;rct;bin;rgs;gif;jpg;jpeg;jpe;resx;tiff;tif;png;wav;mfcribbon-ms</Extensions>
    </Filter>
    <Filter Include="Main">
      <UniqueIdentifier>{541bbda0-d322-4103-b6cf-44ab3cef773c}</UniqueIdentifier>
    </Filter>
    <Filter Include="Main\SceneManager">
      <UniqueIdentifier>{47da9c4f-e23a-46ab-8d3e-45f3c59f3589}</UniqueIdentifier>
    </Filter>
    <Filter Include="Main\SceneManager\SceneBase">
      <UniqueIdentifier>{dab00163-9362-4142-a21a-8b110a3ed863}</UniqueIdentifier>
    </Filter>
    <Filter Include="Main\SceneManager\SceneFactory">
      <UniqueIdentifier>{1887b004-6419-43c6-9615-cfca831e0e8b}</UniqueIdentifier>
    </Filter>
    <Filter Include="Main\SceneManager\SceneBase\GameScene">
      <UniqueIdentifier>{5a59e61c-ac0a-4294-92a9-43623120653f}</UniqueIdentifier>
    </Filter>
    <Filter Include="Main\SceneManager\SceneBase\TitleScene">
      <UniqueIdentifier>{3f81563e-1e11-4235-83c2-a6e56e05dccc}</UniqueIdentifier>
    </Filter>
    <Filter Include="Main\XInput">
      <UniqueIdentifier>{56f83e3e-211c-4164-8ccc-219c03f869ba}</UniqueIdentifier>
    </Filter>
    <Filter Include="Main\SceneManager\SceneBase\MatchingScene">
      <UniqueIdentifier>{f5cd3e31-67f6-4da5-b753-206d5ebb370f}</UniqueIdentifier>
    </Filter>
    <Filter Include="Main\SceneManager\SceneBase\MatchingScene\MatchingListWindow">
      <UniqueIdentifier>{09eeb275-79cb-4b06-9dcd-a21be960b6f4}</UniqueIdentifier>
    </Filter>
    <Filter Include="Main\SceneManager\SceneBase\GameScene\UdpThread">
      <UniqueIdentifier>{717d16d5-d868-494c-8fc8-41207248f861}</UniqueIdentifier>
    </Filter>
    <Filter Include="Main\SceneManager\GameDataManager">
      <UniqueIdentifier>{e8acff9e-24dd-4caf-9810-c8ceea8efe2d}</UniqueIdentifier>
    </Filter>
    <Filter Include="Main\SceneManager\SceneBase\GameScene\ObjectManager">
      <UniqueIdentifier>{dc980c3f-22f8-405b-bc88-9229a1cb15b5}</UniqueIdentifier>
    </Filter>
  </ItemGroup>
  <ItemGroup>
    <ClCompile Include="Main\Main.cpp">
      <Filter>Main</Filter>
    </ClCompile>
    <ClCompile Include="Main\SceneManager\SceneManager.cpp">
      <Filter>Main\SceneManager</Filter>
    </ClCompile>
    <ClCompile Include="Main\SceneManager\SceneBase\SceneBase.cpp">
      <Filter>Main\SceneManager\SceneBase</Filter>
    </ClCompile>
    <ClCompile Include="Main\SceneManager\SceneFactory\SceneFactory.cpp">
      <Filter>Main\SceneManager\SceneFactory</Filter>
    </ClCompile>
    <ClCompile Include="Main\SceneManager\SceneBase\GameScene\GameScene.cpp">
      <Filter>Main\SceneManager\SceneBase\GameScene</Filter>
    </ClCompile>
    <ClCompile Include="Main\SceneManager\SceneBase\TitleScene\TitleScene.cpp">
      <Filter>Main\SceneManager\SceneBase\TitleScene</Filter>
    </ClCompile>
    <ClCompile Include="Main\XInput\XInput.cpp">
      <Filter>Main\XInput</Filter>
    </ClCompile>
    <ClCompile Include="Main\SceneManager\SceneBase\GameScene\UdpThread\UdpThread.cpp">
      <Filter>Main\SceneManager\SceneBase\GameScene\UdpThread</Filter>
    </ClCompile>
    <ClCompile Include="Main\SceneManager\SceneBase\MatchingScene\MatchingScene.cpp">
      <Filter>Main\SceneManager\SceneBase\MatchingScene</Filter>
    </ClCompile>
    <ClCompile Include="Main\SceneManager\SceneBase\MatchingScene\MatchingListWindow\MatchingListWindow.cpp">
      <Filter>Main\SceneManager\SceneBase\MatchingScene\MatchingListWindow</Filter>
    </ClCompile>
    <ClCompile Include="Main\SceneManager\GameDataManager\GameDataManager.cpp">
      <Filter>Main\SceneManager\GameDataManager</Filter>
    </ClCompile>
    <ClCompile Include="Main\SceneManager\SceneBase\GameScene\ObjectManager\ObjectManager.cpp">
      <Filter>Main\SceneManager\SceneBase\GameScene\ObjectManager</Filter>
    </ClCompile>
  </ItemGroup>
  <ItemGroup>
    <ClInclude Include="Main\SceneManager\SceneManager.h">
      <Filter>Main\SceneManager</Filter>
    </ClInclude>
    <ClInclude Include="Main\SceneManager\SceneBase\SceneBase.h">
      <Filter>Main\SceneManager\SceneBase</Filter>
    </ClInclude>
    <ClInclude Include="Main\SceneManager\SceneFactory\SceneFactory.h">
      <Filter>Main\SceneManager\SceneFactory</Filter>
    </ClInclude>
    <ClInclude Include="Main\SceneManager\SceneBase\GameScene\GameScene.h">
      <Filter>Main\SceneManager\SceneBase\GameScene</Filter>
    </ClInclude>
    <ClInclude Include="Main\SceneManager\SceneBase\TitleScene\TitleScene.h">
      <Filter>Main\SceneManager\SceneBase\TitleScene</Filter>
    </ClInclude>
    <ClInclude Include="Main\XInput\XInput.h">
      <Filter>Main\XInput</Filter>
    </ClInclude>
    <ClInclude Include="Main\SceneManager\SceneBase\GameScene\UdpThread\UdpThread.h">
      <Filter>Main\SceneManager\SceneBase\GameScene\UdpThread</Filter>
    </ClInclude>
    <ClInclude Include="Main\SceneManager\SceneBase\MatchingScene\MatchingScene.h">
      <Filter>Main\SceneManager\SceneBase\MatchingScene</Filter>
    </ClInclude>
    <ClInclude Include="Main\SceneManager\SceneBase\MatchingScene\MatchingListWindow\MatchingListWindow.h">
      <Filter>Main\SceneManager\SceneBase\MatchingScene\MatchingListWindow</Filter>
    </ClInclude>
    <ClInclude Include="Main\SceneManager\GameDataManager\GameDataManager.h">
      <Filter>Main\SceneManager\GameDataManager</Filter>
    </ClInclude>
    <ClInclude Include="Main\SceneManager\SceneBase\GameScene\ObjectManager\ObjectManager.h">
      <Filter>Main\SceneManager\SceneBase\GameScene\ObjectManager</Filter>
    </ClInclude>
  </ItemGroup>
</Project>